
Microsoft Visual Studio Solution File, Format Version 12.00
# Visual Studio Version 16
VisualStudioVersion = 16.0.31424.327
MinimumVisualStudioVersion = 10.0.40219.1
Project("{FAE04EC0-301F-11D3-BF4B-00C04F79EFBC}") = "PersonelTracking", "PersonelTracking\PersonelTracking.csproj", "{A590D7B6-D00D-4D53-B48C-A9347EEC813D}"
EndProject
Project("{FAE04EC0-301F-11D3-BF4B-00C04F79EFBC}") = "BLL", "BLL\BLL.csproj", "{E32F5805-FE7E-4299-9E57-A812A542EDA5}"
EndProject
Project("{FAE04EC0-301F-11D3-BF4B-00C04F79EFBC}") = "DAL", "DAL\DAL.csproj", "{EDCEE841-64C2-4082-A09D-093683A435D6}"
EndProject
Global
	GlobalSection(SolutionConfigurationPlatforms) = preSolution
		Debug|Any CPU = Debug|Any CPU
		Release|Any CPU = Release|Any CPU
	EndGlobalSection
	GlobalSection(ProjectConfigurationPlatforms) = postSolution
		{A590D7B6-D00D-4D53-B48C-A9347EEC813D}.Debug|Any CPU.ActiveCfg = Debug|Any CPU
		{A590D7B6-D00D-4D53-B48C-A9347EEC813D}.Debug|Any CPU.Build.0 = Debug|Any CPU
		{A590D7B6-D00D-4D53-B48C-A9347EEC813D}.Release|Any CPU.ActiveCfg = Release|Any CPU
		{A590D7B6-D00D-4D53-B48C-A9347EEC813D}.Release|Any CPU.Build.0 = Release|Any CPU
		{E32F5805-FE7E-4299-9E57-A812A542EDA5}.Debug|Any CPU.ActiveCfg = Debug|Any CPU
		{E32F5805-FE7E-4299-9E57-A812A542EDA5}.Debug|Any CPU.Build.0 = Debug|Any CPU
		{E32F5805-FE7E-4299-9E57-A812A542EDA5}.Release|Any CPU.ActiveCfg = Release|Any CPU
		{E32F5805-FE7E-4299-9E57-A812A542EDA5}.Release|Any CPU.Build.0 = Release|Any CPU
		{EDCEE841-64C2-4082-A09D-093683A435D6}.Debug|Any CPU.ActiveCfg = Debug|Any CPU
		{EDCEE841-64C2-4082-A09D-093683A435D6}.Debug|Any CPU.Build.0 = Debug|Any CPU
		{EDCEE841-64C2-4082-A09D-093683A435D6}.Release|Any CPU.ActiveCfg = Release|Any CPU
		{EDCEE841-64C2-4082-A09D-093683A435D6}.Release|Any CPU.Build.0 = Release|Any CPU
	EndGlobalSection
	GlobalSection(SolutionProperties) = preSolution
		HideSolutionNode = FALSE
	EndGlobalSection
	GlobalSection(ExtensibilityGlobals) = postSolution
		SolutionGuid = {1B655E68-39F7-4C90-9F4F-035915D1BE60}
	EndGlobalSection
EndGlobal
